// !$*UTF8*$!
{
	archiveVersion = 1;
	classes = {
	};
	objectVersion = 56;
	objects = {

/* Begin PBXBuildFile section */
		840C952E29CAE82500FC20A1 /* PriceCalculatorTest.swift in Sources */ = {isa = PBXBuildFile; fileRef = 840C952D29CAE82500FC20A1 /* PriceCalculatorTest.swift */; };
		84DB828B29C989C800728982 /* AppDelegate.swift in Sources */ = {isa = PBXBuildFile; fileRef = 84DB828A29C989C800728982 /* AppDelegate.swift */; };
		84DB828D29C989C800728982 /* SceneDelegate.swift in Sources */ = {isa = PBXBuildFile; fileRef = 84DB828C29C989C800728982 /* SceneDelegate.swift */; };
		84DB828F29C989C800728982 /* ViewController.swift in Sources */ = {isa = PBXBuildFile; fileRef = 84DB828E29C989C800728982 /* ViewController.swift */; };
		84DB829229C989C800728982 /* Main.storyboard in Resources */ = {isa = PBXBuildFile; fileRef = 84DB829029C989C800728982 /* Main.storyboard */; };
		84DB829429C989CA00728982 /* Assets.xcassets in Resources */ = {isa = PBXBuildFile; fileRef = 84DB829329C989CA00728982 /* Assets.xcassets */; };
		84DB829729C989CA00728982 /* LaunchScreen.storyboard in Resources */ = {isa = PBXBuildFile; fileRef = 84DB829529C989CA00728982 /* LaunchScreen.storyboard */; };
		84DB82A229C989CA00728982 /* TestingDemoTests.swift in Sources */ = {isa = PBXBuildFile; fileRef = 84DB82A129C989CA00728982 /* TestingDemoTests.swift */; };
		84DB82AC29C989CA00728982 /* TestingDemoUITests.swift in Sources */ = {isa = PBXBuildFile; fileRef = 84DB82AB29C989CA00728982 /* TestingDemoUITests.swift */; };
		84DB82AE29C989CA00728982 /* TestingDemoUITestsLaunchTests.swift in Sources */ = {isa = PBXBuildFile; fileRef = 84DB82AD29C989CA00728982 /* TestingDemoUITestsLaunchTests.swift */; };
/* End PBXBuildFile section */

/* Begin PBXContainerItemProxy section */
		84DB829E29C989CA00728982 /* PBXContainerItemProxy */ = {
			isa = PBXContainerItemProxy;
			containerPortal = 84DB827F29C989C800728982 /* Project object */;
			proxyType = 1;
			remoteGlobalIDString = 84DB828629C989C800728982;
			remoteInfo = TestingDemo;
		};
		84DB82A829C989CA00728982 /* PBXContainerItemProxy */ = {
			isa = PBXContainerItemProxy;
			containerPortal = 84DB827F29C989C800728982 /* Project object */;
			proxyType = 1;
			remoteGlobalIDString = 84DB828629C989C800728982;
			remoteInfo = TestingDemo;
		};
/* End PBXContainerItemProxy section */

/* Begin PBXFileReference section */
		840C952D29CAE82500FC20A1 /* PriceCalculatorTest.swift */ = {isa = PBXFileReference; lastKnownFileType = sourcecode.swift; name = PriceCalculatorTest.swift; path = TestingDemoTests/PriceCalculatorTest.swift; sourceTree = SOURCE_ROOT; };
		84DB828729C989C800728982 /* TestingDemo.app */ = {isa = PBXFileReference; explicitFileType = wrapper.application; includeInIndex = 0; path = TestingDemo.app; sourceTree = BUILT_PRODUCTS_DIR; };
		84DB828A29C989C800728982 /* AppDelegate.swift */ = {isa = PBXFileReference; lastKnownFileType = sourcecode.swift; path = AppDelegate.swift; sourceTree = "<group>"; };
		84DB828C29C989C800728982 /* SceneDelegate.swift */ = {isa = PBXFileReference; lastKnownFileType = sourcecode.swift; path = SceneDelegate.swift; sourceTree = "<group>"; };
		84DB828E29C989C800728982 /* ViewController.swift */ = {isa = PBXFileReference; lastKnownFileType = sourcecode.swift; path = ViewController.swift; sourceTree = "<group>"; };
		84DB829129C989C800728982 /* Base */ = {isa = PBXFileReference; lastKnownFileType = file.storyboard; name = Base; path = Base.lproj/Main.storyboard; sourceTree = "<group>"; };
		84DB829329C989CA00728982 /* Assets.xcassets */ = {isa = PBXFileReference; lastKnownFileType = folder.assetcatalog; path = Assets.xcassets; sourceTree = "<group>"; };
		84DB829629C989CA00728982 /* Base */ = {isa = PBXFileReference; lastKnownFileType = file.storyboard; name = Base; path = Base.lproj/LaunchScreen.storyboard; sourceTree = "<group>"; };
		84DB829829C989CA00728982 /* Info.plist */ = {isa = PBXFileReference; lastKnownFileType = text.plist.xml; path = Info.plist; sourceTree = "<group>"; };
		84DB829D29C989CA00728982 /* TestingDemoTests.xctest */ = {isa = PBXFileReference; explicitFileType = wrapper.cfbundle; includeInIndex = 0; path = TestingDemoTests.xctest; sourceTree = BUILT_PRODUCTS_DIR; };
		84DB82A129C989CA00728982 /* TestingDemoTests.swift */ = {isa = PBXFileReference; lastKnownFileType = sourcecode.swift; path = TestingDemoTests.swift; sourceTree = "<group>"; };
		84DB82A729C989CA00728982 /* TestingDemoUITests.xctest */ = {isa = PBXFileReference; explicitFileType = wrapper.cfbundle; includeInIndex = 0; path = TestingDemoUITests.xctest; sourceTree = BUILT_PRODUCTS_DIR; };
		84DB82AB29C989CA00728982 /* TestingDemoUITests.swift */ = {isa = PBXFileReference; lastKnownFileType = sourcecode.swift; path = TestingDemoUITests.swift; sourceTree = "<group>"; };
		84DB82AD29C989CA00728982 /* TestingDemoUITestsLaunchTests.swift */ = {isa = PBXFileReference; lastKnownFileType = sourcecode.swift; path = TestingDemoUITestsLaunchTests.swift; sourceTree = "<group>"; };
/* End PBXFileReference section */

/* Begin PBXFrameworksBuildPhase section */
		84DB828429C989C800728982 /* Frameworks */ = {
			isa = PBXFrameworksBuildPhase;
			buildActionMask = 2147483647;
			files = (
			);
			runOnlyForDeploymentPostprocessing = 0;
		};
		84DB829A29C989CA00728982 /* Frameworks */ = {
			isa = PBXFrameworksBuildPhase;
			buildActionMask = 2147483647;
			files = (
			);
			runOnlyForDeploymentPostprocessing = 0;
		};
		84DB82A429C989CA00728982 /* Frameworks */ = {
			isa = PBXFrameworksBuildPhase;
			buildActionMask = 2147483647;
			files = (
			);
			runOnlyForDeploymentPostprocessing = 0;
		};
/* End PBXFrameworksBuildPhase section */

/* Begin PBXGroup section */
		84DB827E29C989C800728982 = {
			isa = PBXGroup;
			children = (
				84DB828929C989C800728982 /* TestingDemo */,
				84DB82A029C989CA00728982 /* TestingDemoTests */,
				84DB82AA29C989CA00728982 /* TestingDemoUITests */,
				84DB828829C989C800728982 /* Products */,
			);
			sourceTree = "<group>";
		};
		84DB828829C989C800728982 /* Products */ = {
			isa = PBXGroup;
			children = (
				84DB828729C989C800728982 /* TestingDemo.app */,
				84DB829D29C989CA00728982 /* TestingDemoTests.xctest */,
				84DB82A729C989CA00728982 /* TestingDemoUITests.xctest */,
			);
			name = Products;
			sourceTree = "<group>";
		};
		84DB828929C989C800728982 /* TestingDemo */ = {
			isa = PBXGroup;
			children = (
				84DB828A29C989C800728982 /* AppDelegate.swift */,
				84DB828C29C989C800728982 /* SceneDelegate.swift */,
				84DB828E29C989C800728982 /* ViewController.swift */,
				84DB829029C989C800728982 /* Main.storyboard */,
				84DB829329C989CA00728982 /* Assets.xcassets */,
				84DB829529C989CA00728982 /* LaunchScreen.storyboard */,
				84DB829829C989CA00728982 /* Info.plist */,
			);
			path = TestingDemo;
			sourceTree = "<group>";
		};
		84DB82A029C989CA00728982 /* TestingDemoTests */ = {
			isa = PBXGroup;
			children = (
				84DB82A129C989CA00728982 /* TestingDemoTests.swift */,
				840C952D29CAE82500FC20A1 /* PriceCalculatorTest.swift */,
			);
			path = TestingDemoTests;
			sourceTree = "<group>";
		};
		84DB82AA29C989CA00728982 /* TestingDemoUITests */ = {
			isa = PBXGroup;
			children = (
				84DB82AB29C989CA00728982 /* TestingDemoUITests.swift */,
				84DB82AD29C989CA00728982 /* TestingDemoUITestsLaunchTests.swift */,
			);
			path = TestingDemoUITests;
			sourceTree = "<group>";
		};
/* End PBXGroup section */

/* Begin PBXNativeTarget section */
		84DB828629C989C800728982 /* TestingDemo */ = {
			isa = PBXNativeTarget;
			buildConfigurationList = 84DB82B129C989CA00728982 /* Build configuration list for PBXNativeTarget "TestingDemo" */;
			buildPhases = (
				84DB828329C989C800728982 /* Sources */,
				84DB828429C989C800728982 /* Frameworks */,
				84DB828529C989C800728982 /* Resources */,
			);
			buildRules = (
			);
			dependencies = (
			);
			name = TestingDemo;
			productName = TestingDemo;
			productReference = 84DB828729C989C800728982 /* TestingDemo.app */;
			productType = "com.apple.product-type.application";
		};
		84DB829C29C989CA00728982 /* TestingDemoTests */ = {
			isa = PBXNativeTarget;
			buildConfigurationList = 84DB82B429C989CA00728982 /* Build configuration list for PBXNativeTarget "TestingDemoTests" */;
			buildPhases = (
				84DB829929C989CA00728982 /* Sources */,
				84DB829A29C989CA00728982 /* Frameworks */,
				84DB829B29C989CA00728982 /* Resources */,
			);
			buildRules = (
			);
			dependencies = (
				84DB829F29C989CA00728982 /* PBXTargetDependency */,
			);
			name = TestingDemoTests;
			productName = TestingDemoTests;
			productReference = 84DB829D29C989CA00728982 /* TestingDemoTests.xctest */;
			productType = "com.apple.product-type.bundle.unit-test";
		};
		84DB82A629C989CA00728982 /* TestingDemoUITests */ = {
			isa = PBXNativeTarget;
			buildConfigurationList = 84DB82B729C989CA00728982 /* Build configuration list for PBXNativeTarget "TestingDemoUITests" */;
			buildPhases = (
				84DB82A329C989CA00728982 /* Sources */,
				84DB82A429C989CA00728982 /* Frameworks */,
				84DB82A529C989CA00728982 /* Resources */,
			);
			buildRules = (
			);
			dependencies = (
				84DB82A929C989CA00728982 /* PBXTargetDependency */,
			);
			name = TestingDemoUITests;
			productName = TestingDemoUITests;
			productReference = 84DB82A729C989CA00728982 /* TestingDemoUITests.xctest */;
			productType = "com.apple.product-type.bundle.ui-testing";
		};
/* End PBXNativeTarget section */

/* Begin PBXProject section */
		84DB827F29C989C800728982 /* Project object */ = {
			isa = PBXProject;
			attributes = {
				BuildIndependentTargetsInParallel = 1;
				LastSwiftUpdateCheck = 1420;
				LastUpgradeCheck = 1420;
				TargetAttributes = {
					84DB828629C989C800728982 = {
						CreatedOnToolsVersion = 14.2;
					};
					84DB829C29C989CA00728982 = {
						CreatedOnToolsVersion = 14.2;
						TestTargetID = 84DB828629C989C800728982;
					};
					84DB82A629C989CA00728982 = {
						CreatedOnToolsVersion = 14.2;
						TestTargetID = 84DB828629C989C800728982;
					};
				};
			};
			buildConfigurationList = 84DB828229C989C800728982 /* Build configuration list for PBXProject "TestingDemo" */;
			compatibilityVersion = "Xcode 14.0";
			developmentRegion = en;
			hasScannedForEncodings = 0;
			knownRegions = (
				en,
				Base,
			);
			mainGroup = 84DB827E29C989C800728982;
			productRefGroup = 84DB828829C989C800728982 /* Products */;
			projectDirPath = "";
			projectRoot = "";
			targets = (
				84DB828629C989C800728982 /* TestingDemo */,
				84DB829C29C989CA00728982 /* TestingDemoTests */,
				84DB82A629C989CA00728982 /* TestingDemoUITests */,
			);
		};
/* End PBXProject section */

/* Begin PBXResourcesBuildPhase section */
		84DB828529C989C800728982 /* Resources */ = {
			isa = PBXResourcesBuildPhase;
			buildActionMask = 2147483647;
			files = (
				84DB829729C989CA00728982 /* LaunchScreen.storyboard in Resources */,
				84DB829429C989CA00728982 /* Assets.xcassets in Resources */,
				84DB829229C989C800728982 /* Main.storyboard in Resources */,
			);
			runOnlyForDeploymentPostprocessing = 0;
		};
		84DB829B29C989CA00728982 /* Resources */ = {
			isa = PBXResourcesBuildPhase;
			buildActionMask = 2147483647;
			files = (
			);
			runOnlyForDeploymentPostprocessing = 0;
		};
		84DB82A529C989CA00728982 /* Resources */ = {
			isa = PBXResourcesBuildPhase;
			buildActionMask = 2147483647;
			files = (
			);
			runOnlyForDeploymentPostprocessing = 0;
		};
/* End PBXResourcesBuildPhase section */

/* Begin PBXSourcesBuildPhase section */
		84DB828329C989C800728982 /* Sources */ = {
			isa = PBXSourcesBuildPhase;
			buildActionMask = 2147483647;
			files = (
				84DB828F29C989C800728982 /* ViewController.swift in Sources */,
				84DB828B29C989C800728982 /* AppDelegate.swift in Sources */,
				84DB828D29C989C800728982 /* SceneDelegate.swift in Sources */,
			);
			runOnlyForDeploymentPostprocessing = 0;
		};
		84DB829929C989CA00728982 /* Sources */ = {
			isa = PBXSourcesBuildPhase;
			buildActionMask = 2147483647;
			files = (
				84DB82A229C989CA00728982 /* TestingDemoTests.swift in Sources */,
				840C952E29CAE82500FC20A1 /* PriceCalculatorTest.swift in Sources */,
			);
			runOnlyForDeploymentPostprocessing = 0;
		};
		84DB82A329C989CA00728982 /* Sources */ = {
			isa = PBXSourcesBuildPhase;
			buildActionMask = 2147483647;
			files = (
				84DB82AE29C989CA00728982 /* TestingDemoUITestsLaunchTests.swift in Sources */,
				84DB82AC29C989CA00728982 /* TestingDemoUITests.swift in Sources */,
			);
			runOnlyForDeploymentPostprocessing = 0;
		};
/* End PBXSourcesBuildPhase section */

/* Begin PBXTargetDependency section */
		84DB829F29C989CA00728982 /* PBXTargetDependency */ = {
			isa = PBXTargetDependency;
			target = 84DB828629C989C800728982 /* TestingDemo */;
			targetProxy = 84DB829E29C989CA00728982 /* PBXContainerItemProxy */;
		};
		84DB82A929C989CA00728982 /* PBXTargetDependency */ = {
			isa = PBXTargetDependency;
			target = 84DB828629C989C800728982 /* TestingDemo */;
			targetProxy = 84DB82A829C989CA00728982 /* PBXContainerItemProxy */;
		};
/* End PBXTargetDependency section */

/* Begin PBXVariantGroup section */
		84DB829029C989C800728982 /* Main.storyboard */ = {
			isa = PBXVariantGroup;
			children = (
				84DB829129C989C800728982 /* Base */,
			);
			name = Main.storyboard;
			sourceTree = "<group>";
		};
		84DB829529C989CA00728982 /* LaunchScreen.storyboard */ = {
			isa = PBXVariantGroup;
			children = (
				84DB829629C989CA00728982 /* Base */,
			);
			name = LaunchScreen.storyboard;
			sourceTree = "<group>";
		};
/* End PBXVariantGroup section */

/* Begin XCBuildConfiguration section */
		84DB82AF29C989CA00728982 /* Debug */ = {
			isa = XCBuildConfiguration;
			buildSettings = {
				ALWAYS_SEARCH_USER_PATHS = NO;
				CLANG_ANALYZER_NONNULL = YES;
				CLANG_ANALYZER_NUMBER_OBJECT_CONVERSION = YES_AGGRESSIVE;
				CLANG_CXX_LANGUAGE_STANDARD = "gnu++20";
				CLANG_ENABLE_MODULES = YES;
				CLANG_ENABLE_OBJC_ARC = YES;
				CLANG_ENABLE_OBJC_WEAK = YES;
				CLANG_WARN_BLOCK_CAPTURE_AUTORELEASING = YES;
				CLANG_WARN_BOOL_CONVERSION = YES;
				CLANG_WARN_COMMA = YES;
				CLANG_WARN_CONSTANT_CONVERSION = YES;
				CLANG_WARN_DEPRECATED_OBJC_IMPLEMENTATIONS = YES;
				CLANG_WARN_DIRECT_OBJC_ISA_USAGE = YES_ERROR;
				CLANG_WARN_DOCUMENTATION_COMMENTS = YES;
				CLANG_WARN_EMPTY_BODY = YES;
				CLANG_WARN_ENUM_CONVERSION = YES;
				CLANG_WARN_INFINITE_RECURSION = YES;
				CLANG_WARN_INT_CONVERSION = YES;
				CLANG_WARN_NON_LITERAL_NULL_CONVERSION = YES;
				CLANG_WARN_OBJC_IMPLICIT_RETAIN_SELF = YES;
				CLANG_WARN_OBJC_LITERAL_CONVERSION = YES;
				CLANG_WARN_OBJC_ROOT_CLASS = YES_ERROR;
				CLANG_WARN_QUOTED_INCLUDE_IN_FRAMEWORK_HEADER = YES;
				CLANG_WARN_RANGE_LOOP_ANALYSIS = YES;
				CLANG_WARN_STRICT_PROTOTYPES = YES;
				CLANG_WARN_SUSPICIOUS_MOVE = YES;
				CLANG_WARN_UNGUARDED_AVAILABILITY = YES_AGGRESSIVE;
				CLANG_WARN_UNREACHABLE_CODE = YES;
				CLANG_WARN__DUPLICATE_METHOD_MATCH = YES;
				COPY_PHASE_STRIP = NO;
				DEBUG_INFORMATION_FORMAT = dwarf;
				ENABLE_STRICT_OBJC_MSGSEND = YES;
				ENABLE_TESTABILITY = YES;
				GCC_C_LANGUAGE_STANDARD = gnu11;
				GCC_DYNAMIC_NO_PIC = NO;
				GCC_NO_COMMON_BLOCKS = YES;
				GCC_OPTIMIZATION_LEVEL = 0;
				GCC_PREPROCESSOR_DEFINITIONS = (
					"DEBUG=1",
					"$(inherited)",
				);
				GCC_WARN_64_TO_32_BIT_CONVERSION = YES;
				GCC_WARN_ABOUT_RETURN_TYPE = YES_ERROR;
				GCC_WARN_UNDECLARED_SELECTOR = YES;
				GCC_WARN_UNINITIALIZED_AUTOS = YES_AGGRESSIVE;
				GCC_WARN_UNUSED_FUNCTION = YES;
				GCC_WARN_UNUSED_VARIABLE = YES;
				IPHONEOS_DEPLOYMENT_TARGET = 16.2;
				MTL_ENABLE_DEBUG_INFO = INCLUDE_SOURCE;
				MTL_FAST_MATH = YES;
				ONLY_ACTIVE_ARCH = YES;
				SDKROOT = iphoneos;
				SWIFT_ACTIVE_COMPILATION_CONDITIONS = DEBUG;
				SWIFT_OPTIMIZATION_LEVEL = "-Onone";
			};
			name = Debug;
		};
		84DB82B029C989CA00728982 /* Release */ = {
			isa = XCBuildConfiguration;
			buildSettings = {
				ALWAYS_SEARCH_USER_PATHS = NO;
				CLANG_ANALYZER_NONNULL = YES;
				CLANG_ANALYZER_NUMBER_OBJECT_CONVERSION = YES_AGGRESSIVE;
				CLANG_CXX_LANGUAGE_STANDARD = "gnu++20";
				CLANG_ENABLE_MODULES = YES;
				CLANG_ENABLE_OBJC_ARC = YES;
				CLANG_ENABLE_OBJC_WEAK = YES;
				CLANG_WARN_BLOCK_CAPTURE_AUTORELEASING = YES;
				CLANG_WARN_BOOL_CONVERSION = YES;
				CLANG_WARN_COMMA = YES;
				CLANG_WARN_CONSTANT_CONVERSION = YES;
				CLANG_WARN_DEPRECATED_OBJC_IMPLEMENTATIONS = YES;
				CLANG_WARN_DIRECT_OBJC_ISA_USAGE = YES_ERROR;
				CLANG_WARN_DOCUMENTATION_COMMENTS = YES;
				CLANG_WARN_EMPTY_BODY = YES;
				CLANG_WARN_ENUM_CONVERSION = YES;
				CLANG_WARN_INFINITE_RECURSION = YES;
				CLANG_WARN_INT_CONVERSION = YES;
				CLANG_WARN_NON_LITERAL_NULL_CONVERSION = YES;
				CLANG_WARN_OBJC_IMPLICIT_RETAIN_SELF = YES;
				CLANG_WARN_OBJC_LITERAL_CONVERSION = YES;
				CLANG_WARN_OBJC_ROOT_CLASS = YES_ERROR;
				CLANG_WARN_QUOTED_INCLUDE_IN_FRAMEWORK_HEADER = YES;
				CLANG_WARN_RANGE_LOOP_ANALYSIS = YES;
				CLANG_WARN_STRICT_PROTOTYPES = YES;
				CLANG_WARN_SUSPICIOUS_MOVE = YES;
				CLANG_WARN_UNGUARDED_AVAILABILITY = YES_AGGRESSIVE;
				CLANG_WARN_UNREACHABLE_CODE = YES;
				CLANG_WARN__DUPLICATE_METHOD_MATCH = YES;
				COPY_PHASE_STRIP = NO;
				DEBUG_INFORMATION_FORMAT = "dwarf-with-dsym";
				ENABLE_NS_ASSERTIONS = NO;
				ENABLE_STRICT_OBJC_MSGSEND = YES;
				GCC_C_LANGUAGE_STANDARD = gnu11;
				GCC_NO_COMMON_BLOCKS = YES;
				GCC_WARN_64_TO_32_BIT_CONVERSION = YES;
				GCC_WARN_ABOUT_RETURN_TYPE = YES_ERROR;
				GCC_WARN_UNDECLARED_SELECTOR = YES;
				GCC_WARN_UNINITIALIZED_AUTOS = YES_AGGRESSIVE;
				GCC_WARN_UNUSED_FUNCTION = YES;
				GCC_WARN_UNUSED_VARIABLE = YES;
				IPHONEOS_DEPLOYMENT_TARGET = 16.2;
				MTL_ENABLE_DEBUG_INFO = NO;
				MTL_FAST_MATH = YES;
				SDKROOT = iphoneos;
				SWIFT_COMPILATION_MODE = wholemodule;
				SWIFT_OPTIMIZATION_LEVEL = "-O";
				VALIDATE_PRODUCT = YES;
			};
			name = Release;
		};
		84DB82B229C989CA00728982 /* Debug */ = {
			isa = XCBuildConfiguration;
			buildSettings = {
				ASSETCATALOG_COMPILER_APPICON_NAME = AppIcon;
				ASSETCATALOG_COMPILER_GLOBAL_ACCENT_COLOR_NAME = AccentColor;
				CODE_SIGN_STYLE = Automatic;
				CURRENT_PROJECT_VERSION = 1;
				GENERATE_INFOPLIST_FILE = YES;
				INFOPLIST_FILE = TestingDemo/Info.plist;
				INFOPLIST_KEY_UIApplicationSupportsIndirectInputEvents = YES;
				INFOPLIST_KEY_UILaunchStoryboardName = LaunchScreen;
				INFOPLIST_KEY_UIMainStoryboardFile = Main;
				INFOPLIST_KEY_UISupportedInterfaceOrientations_iPad = "UIInterfaceOrientationPortrait UIInterfaceOrientationPortraitUpsideDown UIInterfaceOrientationLandscapeLeft UIInterfaceOrientationLandscapeRight";
				INFOPLIST_KEY_UISupportedInterfaceOrientations_iPhone = "UIInterfaceOrientationPortrait UIInterfaceOrientationLandscapeLeft UIInterfaceOrientationLandscapeRight";
				LD_RUNPATH_SEARCH_PATHS = (
					"$(inherited)",
					"@executable_path/Frameworks",
				);
				MARKETING_VERSION = 1.0;
				PRODUCT_BUNDLE_IDENTIFIER = com.DemoApp.TestingDemo;
				PRODUCT_NAME = "$(TARGET_NAME)";
				SWIFT_EMIT_LOC_STRINGS = YES;
				SWIFT_VERSION = 5.0;
				TARGETED_DEVICE_FAMILY = "1,2";
			};
			name = Debug;
		};
		84DB82B329C989CA00728982 /* Release */ = {
			isa = XCBuildConfiguration;
			buildSettings = {
				ASSETCATALOG_COMPILER_APPICON_NAME = AppIcon;
				ASSETCATALOG_COMPILER_GLOBAL_ACCENT_COLOR_NAME = AccentColor;
				CODE_SIGN_STYLE = Automatic;
				CURRENT_PROJECT_VERSION = 1;
				GENERATE_INFOPLIST_FILE = YES;
				INFOPLIST_FILE = TestingDemo/Info.plist;
				INFOPLIST_KEY_UIApplicationSupportsIndirectInputEvents = YES;
				INFOPLIST_KEY_UILaunchStoryboardName = LaunchScreen;
				INFOPLIST_KEY_UIMainStoryboardFile = Main;
				INFOPLIST_KEY_UISupportedInterfaceOrientations_iPad = "UIInterfaceOrientationPortrait UIInterfaceOrientationPortraitUpsideDown UIInterfaceOrientationLandscapeLeft UIInterfaceOrientationLandscapeRight";
				INFOPLIST_KEY_UISupportedInterfaceOrientations_iPhone = "UIInterfaceOrientationPortrait UIInterfaceOrientationLandscapeLeft UIInterfaceOrientationLandscapeRight";
				LD_RUNPATH_SEARCH_PATHS = (
					"$(inherited)",
					"@executable_path/Frameworks",
				);
				MARKETING_VERSION = 1.0;
				PRODUCT_BUNDLE_IDENTIFIER = com.DemoApp.TestingDemo;
				PRODUCT_NAME = "$(TARGET_NAME)";
				SWIFT_EMIT_LOC_STRINGS = YES;
				SWIFT_VERSION = 5.0;
				TARGETED_DEVICE_FAMILY = "1,2";
			};
			name = Release;
		};
		84DB82B529C989CA00728982 /* Debug */ = {
			isa = XCBuildConfiguration;
			buildSettings = {
				ALWAYS_EMBED_SWIFT_STANDARD_LIBRARIES = YES;
				BUNDLE_LOADER = "$(TEST_HOST)";
				CODE_SIGN_STYLE = Automatic;
				CURRENT_PROJECT_VERSION = 1;
				GENERATE_INFOPLIST_FILE = YES;
				IPHONEOS_DEPLOYMENT_TARGET = 16.2;
				MARKETING_VERSION = 1.0;
				PRODUCT_BUNDLE_IDENTIFIER = com.DemoApp.TestingDemoTests;
				PRODUCT_NAME = "$(TARGET_NAME)";
				SWIFT_EMIT_LOC_STRINGS = NO;
				SWIFT_VERSION = 5.0;
				TARGETED_DEVICE_FAMILY = "1,2";
				TEST_HOST = "$(BUILT_PRODUCTS_DIR)/TestingDemo.app/$(BUNDLE_EXECUTABLE_FOLDER_PATH)/TestingDemo";
			};
			name = Debug;
		};
		84DB82B629C989CA00728982 /* Release */ = {
			isa = XCBuildConfiguration;
			buildSettings = {
				ALWAYS_EMBED_SWIFT_STANDARD_LIBRARIES = YES;
				BUNDLE_LOADER = "$(TEST_HOST)";
				CODE_SIGN_STYLE = Automatic;
				CURRENT_PROJECT_VERSION = 1;
				GENERATE_INFOPLIST_FILE = YES;
				IPHONEOS_DEPLOYMENT_TARGET = 16.2;
				MARKETING_VERSION = 1.0;
				PRODUCT_BUNDLE_IDENTIFIER = com.DemoApp.TestingDemoTests;
				PRODUCT_NAME = "$(TARGET_NAME)";
				SWIFT_EMIT_LOC_STRINGS = NO;
				SWIFT_VERSION = 5.0;
				TARGETED_DEVICE_FAMILY = "1,2";
				TEST_HOST = "$(BUILT_PRODUCTS_DIR)/TestingDemo.app/$(BUNDLE_EXECUTABLE_FOLDER_PATH)/TestingDemo";
			};
			name = Release;
		};
		84DB82B829C989CA00728982 /* Debug */ = {
			isa = XCBuildConfiguration;
			buildSettings = {
				ALWAYS_EMBED_SWIFT_STANDARD_LIBRARIES = YES;
				CODE_SIGN_STYLE = Automatic;
				CURRENT_PROJECT_VERSION = 1;
				GENERATE_INFOPLIST_FILE = YES;
				MARKETING_VERSION = 1.0;
				PRODUCT_BUNDLE_IDENTIFIER = com.DemoApp.TestingDemoUITests;
				PRODUCT_NAME = "$(TARGET_NAME)";
				SWIFT_EMIT_LOC_STRINGS = NO;
				SWIFT_VERSION = 5.0;
				TARGETED_DEVICE_FAMILY = "1,2";
				TEST_TARGET_NAME = TestingDemo;
			};
			name = Debug;
		};
		84DB82B929C989CA00728982 /* Release */ = {
			isa = XCBuildConfiguration;
			buildSettings = {
				ALWAYS_EMBED_SWIFT_STANDARD_LIBRARIES = YES;
				CODE_SIGN_STYLE = Automatic;
				CURRENT_PROJECT_VERSION = 1;
				GENERATE_INFOPLIST_FILE = YES;
				MARKETING_VERSION = 1.0;
				PRODUCT_BUNDLE_IDENTIFIER = com.DemoApp.TestingDemoUITests;
				PRODUCT_NAME = "$(TARGET_NAME)";
				SWIFT_EMIT_LOC_STRINGS = NO;
				SWIFT_VERSION = 5.0;
				TARGETED_DEVICE_FAMILY = "1,2";
				TEST_TARGET_NAME = TestingDemo;
			};
			name = Release;
		};
/* End XCBuildConfiguration section */

/* Begin XCConfigurationList section */
		84DB828229C989C800728982 /* Build configuration list for PBXProject "TestingDemo" */ = {
			isa = XCConfigurationList;
			buildConfigurations = (
				84DB82AF29C989CA00728982 /* Debug */,
				84DB82B029C989CA00728982 /* Release */,
			);
			defaultConfigurationIsVisible = 0;
			defaultConfigurationName = Release;
		};
		84DB82B129C989CA00728982 /* Build configuration list for PBXNativeTarget "TestingDemo" */ = {
			isa = XCConfigurationList;
			buildConfigurations = (
				84DB82B229C989CA00728982 /* Debug */,
				84DB82B329C989CA00728982 /* Release */,
			);
			defaultConfigurationIsVisible = 0;
			defaultConfigurationName = Release;
		};
		84DB82B429C989CA00728982 /* Build configuration list for PBXNativeTarget "TestingDemoTests" */ = {
			isa = XCConfigurationList;
			buildConfigurations = (
				84DB82B529C989CA00728982 /* Debug */,
				84DB82B629C989CA00728982 /* Release */,
			);
			defaultConfigurationIsVisible = 0;
			defaultConfigurationName = Release;
		};
		84DB82B729C989CA00728982 /* Build configuration list for PBXNativeTarget "TestingDemoUITests" */ = {
			isa = XCConfigurationList;
			buildConfigurations = (
				84DB82B829C989CA00728982 /* Debug */,
				84DB82B929C989CA00728982 /* Release */,
			);
			defaultConfigurationIsVisible = 0;
			defaultConfigurationName = Release;
		};
/* End XCConfigurationList section */
	};
	rootObject = 84DB827F29C989C800728982 /* Project object */;
}
